
Microsoft Visual Studio Solution File, Format Version 12.00
# Visual Studio Version 16
VisualStudioVersion = 16.0.29503.13
MinimumVisualStudioVersion = 10.0.40219.1
Project("{FAE04EC0-301F-11D3-BF4B-00C04F79EFBC}") = "RecuperatorioProg06-07", "RecuperatorioProg06-07\RecuperatorioProg06-07.csproj", "{6DC0731A-96F3-4867-94BB-05A2982BB88E}"
EndProject
Global
	GlobalSection(SolutionConfigurationPlatforms) = preSolution
		Debug|Any CPU = Debug|Any CPU
		Release|Any CPU = Release|Any CPU
	EndGlobalSection
	GlobalSection(ProjectConfigurationPlatforms) = postSolution
		{6DC0731A-96F3-4867-94BB-05A2982BB88E}.Debug|Any CPU.ActiveCfg = Debug|Any CPU
		{6DC0731A-96F3-4867-94BB-05A2982BB88E}.Debug|Any CPU.Build.0 = Debug|Any CPU
		{6DC0731A-96F3-4867-94BB-05A2982BB88E}.Release|Any CPU.ActiveCfg = Release|Any CPU
		{6DC0731A-96F3-4867-94BB-05A2982BB88E}.Release|Any CPU.Build.0 = Release|Any CPU
	EndGlobalSection
	GlobalSection(SolutionProperties) = preSolution
		HideSolutionNode = FALSE
	EndGlobalSection
	GlobalSection(ExtensibilityGlobals) = postSolution
		SolutionGuid = {6D34E9ED-46BE-4D6F-B6CF-A4283108FAC1}
	EndGlobalSection
EndGlobal
