
Microsoft Visual Studio Solution File, Format Version 12.00
# Visual Studio Version 16
VisualStudioVersion = 16.0.29424.173
MinimumVisualStudioVersion = 10.0.40219.1
Project("{FAE04EC0-301F-11D3-BF4B-00C04F79EFBC}") = "cineEstrella", "cineEstrella\cineEstrella.csproj", "{4F70D3BF-1974-40E5-9A81-D5BBA50FCABF}"
EndProject
Global
	GlobalSection(SolutionConfigurationPlatforms) = preSolution
		Debug|Any CPU = Debug|Any CPU
		Release|Any CPU = Release|Any CPU
	EndGlobalSection
	GlobalSection(ProjectConfigurationPlatforms) = postSolution
		{4F70D3BF-1974-40E5-9A81-D5BBA50FCABF}.Debug|Any CPU.ActiveCfg = Debug|Any CPU
		{4F70D3BF-1974-40E5-9A81-D5BBA50FCABF}.Debug|Any CPU.Build.0 = Debug|Any CPU
		{4F70D3BF-1974-40E5-9A81-D5BBA50FCABF}.Release|Any CPU.ActiveCfg = Release|Any CPU
		{4F70D3BF-1974-40E5-9A81-D5BBA50FCABF}.Release|Any CPU.Build.0 = Release|Any CPU
	EndGlobalSection
	GlobalSection(SolutionProperties) = preSolution
		HideSolutionNode = FALSE
	EndGlobalSection
	GlobalSection(ExtensibilityGlobals) = postSolution
		SolutionGuid = {F76583E8-2B37-4583-B426-761E4EF1AEBA}
	EndGlobalSection
EndGlobal
